// !$*UTF8*$!
{
	archiveVersion = 1;
	classes = {
	};
	objectVersion = 50;
	objects = {

/* Begin PBXBuildFile section */
		BF7A58562387E02400F9D237 /* AppDelegate.m in Sources */ = {isa = PBXBuildFile; fileRef = BF7A58552387E02400F9D237 /* AppDelegate.m */; };
		BF7A58592387E02400F9D237 /* SceneDelegate.m in Sources */ = {isa = PBXBuildFile; fileRef = BF7A58582387E02400F9D237 /* SceneDelegate.m */; };
		BF7A585C2387E02400F9D237 /* ViewController.m in Sources */ = {isa = PBXBuildFile; fileRef = BF7A585B2387E02400F9D237 /* ViewController.m */; };
		BF7A585F2387E02400F9D237 /* Main.storyboard in Resources */ = {isa = PBXBuildFile; fileRef = BF7A585D2387E02400F9D237 /* Main.storyboard */; };
		BF7A58612387E02A00F9D237 /* Assets.xcassets in Resources */ = {isa = PBXBuildFile; fileRef = BF7A58602387E02A00F9D237 /* Assets.xcassets */; };
		BF7A58642387E02A00F9D237 /* LaunchScreen.storyboard in Resources */ = {isa = PBXBuildFile; fileRef = BF7A58622387E02A00F9D237 /* LaunchScreen.storyboard */; };
		BF7A58672387E02A00F9D237 /* main.m in Sources */ = {isa = PBXBuildFile; fileRef = BF7A58662387E02A00F9D237 /* main.m */; };
		BF7A586F2387E0CE00F9D237 /* my_keras_model.tflite in Resources */ = {isa = PBXBuildFile; fileRef = BF7A586E2387E0CE00F9D237 /* my_keras_model.tflite */; };
		BF7A58712387E76300F9D237 /* labels.txt in Resources */ = {isa = PBXBuildFile; fileRef = BF7A58702387E76300F9D237 /* labels.txt */; };
		BF7A58752387F8DA00F9D237 /* ModalDataHandler.m in Sources */ = {isa = PBXBuildFile; fileRef = BF7A58742387F8DA00F9D237 /* ModalDataHandler.m */; };
		BF7A5879238B81C000F9D237 /* PixelBufferHelper.m in Sources */ = {isa = PBXBuildFile; fileRef = BF7A5878238B81C000F9D237 /* PixelBufferHelper.m */; };
		BF7A587B238BB2E900F9D237 /* plot.png in Resources */ = {isa = PBXBuildFile; fileRef = BF7A587A238BB2E900F9D237 /* plot.png */; };
		D4347FDFD04435D7F83D11AA /* libPods-tflite_demo.a in Frameworks */ = {isa = PBXBuildFile; fileRef = C340EF9EC70AF015A63C7D54 /* libPods-tflite_demo.a */; };
/* End PBXBuildFile section */

/* Begin PBXFileReference section */
		019BE43A52DAADECE5F3D5EA /* Pods-tflite_demo.debug.xcconfig */ = {isa = PBXFileReference; includeInIndex = 1; lastKnownFileType = text.xcconfig; name = "Pods-tflite_demo.debug.xcconfig"; path = "Target Support Files/Pods-tflite_demo/Pods-tflite_demo.debug.xcconfig"; sourceTree = "<group>"; };
		B7DBD8DBFC07CD241CBCEF00 /* Pods-tflite_demo.release.xcconfig */ = {isa = PBXFileReference; includeInIndex = 1; lastKnownFileType = text.xcconfig; name = "Pods-tflite_demo.release.xcconfig"; path = "Target Support Files/Pods-tflite_demo/Pods-tflite_demo.release.xcconfig"; sourceTree = "<group>"; };
		BF7A58512387E02400F9D237 /* tflite_demo.app */ = {isa = PBXFileReference; explicitFileType = wrapper.application; includeInIndex = 0; path = tflite_demo.app; sourceTree = BUILT_PRODUCTS_DIR; };
		BF7A58542387E02400F9D237 /* AppDelegate.h */ = {isa = PBXFileReference; lastKnownFileType = sourcecode.c.h; path = AppDelegate.h; sourceTree = "<group>"; };
		BF7A58552387E02400F9D237 /* AppDelegate.m */ = {isa = PBXFileReference; lastKnownFileType = sourcecode.c.objc; path = AppDelegate.m; sourceTree = "<group>"; };
		BF7A58572387E02400F9D237 /* SceneDelegate.h */ = {isa = PBXFileReference; lastKnownFileType = sourcecode.c.h; path = SceneDelegate.h; sourceTree = "<group>"; };
		BF7A58582387E02400F9D237 /* SceneDelegate.m */ = {isa = PBXFileReference; lastKnownFileType = sourcecode.c.objc; path = SceneDelegate.m; sourceTree = "<group>"; };
		BF7A585A2387E02400F9D237 /* ViewController.h */ = {isa = PBXFileReference; lastKnownFileType = sourcecode.c.h; path = ViewController.h; sourceTree = "<group>"; };
		BF7A585B2387E02400F9D237 /* ViewController.m */ = {isa = PBXFileReference; lastKnownFileType = sourcecode.c.objc; path = ViewController.m; sourceTree = "<group>"; };
		BF7A585E2387E02400F9D237 /* Base */ = {isa = PBXFileReference; lastKnownFileType = file.storyboard; name = Base; path = Base.lproj/Main.storyboard; sourceTree = "<group>"; };
		BF7A58602387E02A00F9D237 /* Assets.xcassets */ = {isa = PBXFileReference; lastKnownFileType = folder.assetcatalog; path = Assets.xcassets; sourceTree = "<group>"; };
		BF7A58632387E02A00F9D237 /* Base */ = {isa = PBXFileReference; lastKnownFileType = file.storyboard; name = Base; path = Base.lproj/LaunchScreen.storyboard; sourceTree = "<group>"; };
		BF7A58652387E02A00F9D237 /* Info.plist */ = {isa = PBXFileReference; lastKnownFileType = text.plist.xml; path = Info.plist; sourceTree = "<group>"; };
		BF7A58662387E02A00F9D237 /* main.m */ = {isa = PBXFileReference; lastKnownFileType = sourcecode.c.objc; path = main.m; sourceTree = "<group>"; };
		BF7A586E2387E0CE00F9D237 /* my_keras_model.tflite */ = {isa = PBXFileReference; lastKnownFileType = file; path = my_keras_model.tflite; sourceTree = "<group>"; };
		BF7A58702387E76300F9D237 /* labels.txt */ = {isa = PBXFileReference; fileEncoding = 4; lastKnownFileType = text; path = labels.txt; sourceTree = "<group>"; };
		BF7A58732387F8DA00F9D237 /* ModalDataHandler.h */ = {isa = PBXFileReference; lastKnownFileType = sourcecode.c.h; path = ModalDataHandler.h; sourceTree = "<group>"; };
		BF7A58742387F8DA00F9D237 /* ModalDataHandler.m */ = {isa = PBXFileReference; lastKnownFileType = sourcecode.c.objc; path = ModalDataHandler.m; sourceTree = "<group>"; };
		BF7A5877238B81C000F9D237 /* PixelBufferHelper.h */ = {isa = PBXFileReference; lastKnownFileType = sourcecode.c.h; path = PixelBufferHelper.h; sourceTree = "<group>"; };
		BF7A5878238B81C000F9D237 /* PixelBufferHelper.m */ = {isa = PBXFileReference; lastKnownFileType = sourcecode.c.objc; path = PixelBufferHelper.m; sourceTree = "<group>"; };
		BF7A587A238BB2E900F9D237 /* plot.png */ = {isa = PBXFileReference; lastKnownFileType = image.png; path = plot.png; sourceTree = "<group>"; };
		C340EF9EC70AF015A63C7D54 /* libPods-tflite_demo.a */ = {isa = PBXFileReference; explicitFileType = archive.ar; includeInIndex = 0; path = "libPods-tflite_demo.a"; sourceTree = BUILT_PRODUCTS_DIR; };
/* End PBXFileReference section */

/* Begin PBXFrameworksBuildPhase section */
		BF7A584E2387E02400F9D237 /* Frameworks */ = {
			isa = PBXFrameworksBuildPhase;
			buildActionMask = 2147483647;
			files = (
				D4347FDFD04435D7F83D11AA /* libPods-tflite_demo.a in Frameworks */,
			);
			runOnlyForDeploymentPostprocessing = 0;
		};
/* End PBXFrameworksBuildPhase section */

/* Begin PBXGroup section */
		076C72651FB80621E728A19E /* Pods */ = {
			isa = PBXGroup;
			children = (
				019BE43A52DAADECE5F3D5EA /* Pods-tflite_demo.debug.xcconfig */,
				B7DBD8DBFC07CD241CBCEF00 /* Pods-tflite_demo.release.xcconfig */,
			);
			path = Pods;
			sourceTree = "<group>";
		};
		105E2AA5FEA90495AE711B2C /* Frameworks */ = {
			isa = PBXGroup;
			children = (
				C340EF9EC70AF015A63C7D54 /* libPods-tflite_demo.a */,
			);
			name = Frameworks;
			sourceTree = "<group>";
		};
		BF7A58482387E02400F9D237 = {
			isa = PBXGroup;
			children = (
				BF7A58532387E02400F9D237 /* tflite_demo */,
				BF7A58522387E02400F9D237 /* Products */,
				076C72651FB80621E728A19E /* Pods */,
				105E2AA5FEA90495AE711B2C /* Frameworks */,
			);
			sourceTree = "<group>";
		};
		BF7A58522387E02400F9D237 /* Products */ = {
			isa = PBXGroup;
			children = (
				BF7A58512387E02400F9D237 /* tflite_demo.app */,
			);
			name = Products;
			sourceTree = "<group>";
		};
		BF7A58532387E02400F9D237 /* tflite_demo */ = {
			isa = PBXGroup;
			children = (
				BF7A5876238B816D00F9D237 /* PixelBuffer */,
				BF7A58722387E94600F9D237 /* ModelDataHandler */,
				BF7A586D2387E08700F9D237 /* Model */,
				BF7A58542387E02400F9D237 /* AppDelegate.h */,
				BF7A58552387E02400F9D237 /* AppDelegate.m */,
				BF7A58572387E02400F9D237 /* SceneDelegate.h */,
				BF7A58582387E02400F9D237 /* SceneDelegate.m */,
				BF7A585A2387E02400F9D237 /* ViewController.h */,
				BF7A585B2387E02400F9D237 /* ViewController.m */,
				BF7A585D2387E02400F9D237 /* Main.storyboard */,
				BF7A58602387E02A00F9D237 /* Assets.xcassets */,
				BF7A58622387E02A00F9D237 /* LaunchScreen.storyboard */,
				BF7A58652387E02A00F9D237 /* Info.plist */,
				BF7A58662387E02A00F9D237 /* main.m */,
			);
			path = tflite_demo;
			sourceTree = "<group>";
		};
		BF7A586D2387E08700F9D237 /* Model */ = {
			isa = PBXGroup;
			children = (
				BF7A587A238BB2E900F9D237 /* plot.png */,
				BF7A58702387E76300F9D237 /* labels.txt */,
				BF7A586E2387E0CE00F9D237 /* my_keras_model.tflite */,
			);
			path = Model;
			sourceTree = "<group>";
		};
		BF7A58722387E94600F9D237 /* ModelDataHandler */ = {
			isa = PBXGroup;
			children = (
				BF7A58732387F8DA00F9D237 /* ModalDataHandler.h */,
				BF7A58742387F8DA00F9D237 /* ModalDataHandler.m */,
			);
			path = ModelDataHandler;
			sourceTree = "<group>";
		};
		BF7A5876238B816D00F9D237 /* PixelBuffer */ = {
			isa = PBXGroup;
			children = (
				BF7A5877238B81C000F9D237 /* PixelBufferHelper.h */,
				BF7A5878238B81C000F9D237 /* PixelBufferHelper.m */,
			);
			path = PixelBuffer;
			sourceTree = "<group>";
		};
/* End PBXGroup section */

/* Begin PBXNativeTarget section */
		BF7A58502387E02400F9D237 /* tflite_demo */ = {
			isa = PBXNativeTarget;
			buildConfigurationList = BF7A586A2387E02A00F9D237 /* Build configuration list for PBXNativeTarget "tflite_demo" */;
			buildPhases = (
				696A3B16B218C2D0A4A15924 /* [CP] Check Pods Manifest.lock */,
				BF7A584D2387E02400F9D237 /* Sources */,
				BF7A584E2387E02400F9D237 /* Frameworks */,
				BF7A584F2387E02400F9D237 /* Resources */,
			);
			buildRules = (
			);
			dependencies = (
			);
			name = tflite_demo;
			productName = tflite_demo;
			productReference = BF7A58512387E02400F9D237 /* tflite_demo.app */;
			productType = "com.apple.product-type.application";
		};
/* End PBXNativeTarget section */

/* Begin PBXProject section */
		BF7A58492387E02400F9D237 /* Project object */ = {
			isa = PBXProject;
			attributes = {
				LastUpgradeCheck = 1120;
				ORGANIZATIONNAME = vdian;
				TargetAttributes = {
					BF7A58502387E02400F9D237 = {
						CreatedOnToolsVersion = 11.2.1;
					};
				};
			};
			buildConfigurationList = BF7A584C2387E02400F9D237 /* Build configuration list for PBXProject "tflite_demo" */;
			compatibilityVersion = "Xcode 9.3";
			developmentRegion = en;
			hasScannedForEncodings = 0;
			knownRegions = (
				en,
				Base,
			);
			mainGroup = BF7A58482387E02400F9D237;
			productRefGroup = BF7A58522387E02400F9D237 /* Products */;
			projectDirPath = "";
			projectRoot = "";
			targets = (
				BF7A58502387E02400F9D237 /* tflite_demo */,
			);
		};
/* End PBXProject section */

/* Begin PBXResourcesBuildPhase section */
		BF7A584F2387E02400F9D237 /* Resources */ = {
			isa = PBXResourcesBuildPhase;
			buildActionMask = 2147483647;
			files = (
				BF7A58642387E02A00F9D237 /* LaunchScreen.storyboard in Resources */,
				BF7A58612387E02A00F9D237 /* Assets.xcassets in Resources */,
				BF7A587B238BB2E900F9D237 /* plot.png in Resources */,
				BF7A58712387E76300F9D237 /* labels.txt in Resources */,
				BF7A586F2387E0CE00F9D237 /* my_keras_model.tflite in Resources */,
				BF7A585F2387E02400F9D237 /* Main.storyboard in Resources */,
			);
			runOnlyForDeploymentPostprocessing = 0;
		};
/* End PBXResourcesBuildPhase section */

/* Begin PBXShellScriptBuildPhase section */
		696A3B16B218C2D0A4A15924 /* [CP] Check Pods Manifest.lock */ = {
			isa = PBXShellScriptBuildPhase;
			buildActionMask = 2147483647;
			files = (
			);
			inputFileListPaths = (
			);
			inputPaths = (
				"${PODS_PODFILE_DIR_PATH}/Podfile.lock",
				"${PODS_ROOT}/Manifest.lock",
			);
			name = "[CP] Check Pods Manifest.lock";
			outputFileListPaths = (
			);
			outputPaths = (
				"$(DERIVED_FILE_DIR)/Pods-tflite_demo-checkManifestLockResult.txt",
			);
			runOnlyForDeploymentPostprocessing = 0;
			shellPath = /bin/sh;
			shellScript = "diff \"${PODS_PODFILE_DIR_PATH}/Podfile.lock\" \"${PODS_ROOT}/Manifest.lock\" > /dev/null\nif [ $? != 0 ] ; then\n    # print error to STDERR\n    echo \"error: The sandbox is not in sync with the Podfile.lock. Run 'pod install' or update your CocoaPods installation.\" >&2\n    exit 1\nfi\n# This output is used by Xcode 'outputs' to avoid re-running this script phase.\necho \"SUCCESS\" > \"${SCRIPT_OUTPUT_FILE_0}\"\n";
			showEnvVarsInLog = 0;
		};
/* End PBXShellScriptBuildPhase section */

/* Begin PBXSourcesBuildPhase section */
		BF7A584D2387E02400F9D237 /* Sources */ = {
			isa = PBXSourcesBuildPhase;
			buildActionMask = 2147483647;
			files = (
				BF7A5879238B81C000F9D237 /* PixelBufferHelper.m in Sources */,
				BF7A58752387F8DA00F9D237 /* ModalDataHandler.m in Sources */,
				BF7A585C2387E02400F9D237 /* ViewController.m in Sources */,
				BF7A58562387E02400F9D237 /* AppDelegate.m in Sources */,
				BF7A58672387E02A00F9D237 /* main.m in Sources */,
				BF7A58592387E02400F9D237 /* SceneDelegate.m in Sources */,
			);
			runOnlyForDeploymentPostprocessing = 0;
		};
/* End PBXSourcesBuildPhase section */

/* Begin PBXVariantGroup section */
		BF7A585D2387E02400F9D237 /* Main.storyboard */ = {
			isa = PBXVariantGroup;
			children = (
				BF7A585E2387E02400F9D237 /* Base */,
			);
			name = Main.storyboard;
			sourceTree = "<group>";
		};
		BF7A58622387E02A00F9D237 /* LaunchScreen.storyboard */ = {
			isa = PBXVariantGroup;
			children = (
				BF7A58632387E02A00F9D237 /* Base */,
			);
			name = LaunchScreen.storyboard;
			sourceTree = "<group>";
		};
/* End PBXVariantGroup section */

/* Begin XCBuildConfiguration section */
		BF7A58682387E02A00F9D237 /* Debug */ = {
			isa = XCBuildConfiguration;
			buildSettings = {
				ALWAYS_SEARCH_USER_PATHS = NO;
				CLANG_ANALYZER_NONNULL = YES;
				CLANG_ANALYZER_NUMBER_OBJECT_CONVERSION = YES_AGGRESSIVE;
				CLANG_CXX_LANGUAGE_STANDARD = "gnu++14";
				CLANG_CXX_LIBRARY = "libc++";
				CLANG_ENABLE_MODULES = YES;
				CLANG_ENABLE_OBJC_ARC = YES;
				CLANG_ENABLE_OBJC_WEAK = YES;
				CLANG_WARN_BLOCK_CAPTURE_AUTORELEASING = YES;
				CLANG_WARN_BOOL_CONVERSION = YES;
				CLANG_WARN_COMMA = YES;
				CLANG_WARN_CONSTANT_CONVERSION = YES;
				CLANG_WARN_DEPRECATED_OBJC_IMPLEMENTATIONS = YES;
				CLANG_WARN_DIRECT_OBJC_ISA_USAGE = YES_ERROR;
				CLANG_WARN_DOCUMENTATION_COMMENTS = YES;
				CLANG_WARN_EMPTY_BODY = YES;
				CLANG_WARN_ENUM_CONVERSION = YES;
				CLANG_WARN_INFINITE_RECURSION = YES;
				CLANG_WARN_INT_CONVERSION = YES;
				CLANG_WARN_NON_LITERAL_NULL_CONVERSION = YES;
				CLANG_WARN_OBJC_IMPLICIT_RETAIN_SELF = YES;
				CLANG_WARN_OBJC_LITERAL_CONVERSION = YES;
				CLANG_WARN_OBJC_ROOT_CLASS = YES_ERROR;
				CLANG_WARN_RANGE_LOOP_ANALYSIS = YES;
				CLANG_WARN_STRICT_PROTOTYPES = YES;
				CLANG_WARN_SUSPICIOUS_MOVE = YES;
				CLANG_WARN_UNGUARDED_AVAILABILITY = YES_AGGRESSIVE;
				CLANG_WARN_UNREACHABLE_CODE = YES;
				CLANG_WARN__DUPLICATE_METHOD_MATCH = YES;
				COPY_PHASE_STRIP = NO;
				DEBUG_INFORMATION_FORMAT = dwarf;
				ENABLE_STRICT_OBJC_MSGSEND = YES;
				ENABLE_TESTABILITY = YES;
				GCC_C_LANGUAGE_STANDARD = gnu11;
				GCC_DYNAMIC_NO_PIC = NO;
				GCC_NO_COMMON_BLOCKS = YES;
				GCC_OPTIMIZATION_LEVEL = 0;
				GCC_PREPROCESSOR_DEFINITIONS = (
					"DEBUG=1",
					"$(inherited)",
				);
				GCC_WARN_64_TO_32_BIT_CONVERSION = YES;
				GCC_WARN_ABOUT_RETURN_TYPE = YES_ERROR;
				GCC_WARN_UNDECLARED_SELECTOR = YES;
				GCC_WARN_UNINITIALIZED_AUTOS = YES_AGGRESSIVE;
				GCC_WARN_UNUSED_FUNCTION = YES;
				GCC_WARN_UNUSED_VARIABLE = YES;
				IPHONEOS_DEPLOYMENT_TARGET = 11.4;
				MTL_ENABLE_DEBUG_INFO = INCLUDE_SOURCE;
				MTL_FAST_MATH = YES;
				ONLY_ACTIVE_ARCH = YES;
				SDKROOT = iphoneos;
			};
			name = Debug;
		};
		BF7A58692387E02A00F9D237 /* Release */ = {
			isa = XCBuildConfiguration;
			buildSettings = {
				ALWAYS_SEARCH_USER_PATHS = NO;
				CLANG_ANALYZER_NONNULL = YES;
				CLANG_ANALYZER_NUMBER_OBJECT_CONVERSION = YES_AGGRESSIVE;
				CLANG_CXX_LANGUAGE_STANDARD = "gnu++14";
				CLANG_CXX_LIBRARY = "libc++";
				CLANG_ENABLE_MODULES = YES;
				CLANG_ENABLE_OBJC_ARC = YES;
				CLANG_ENABLE_OBJC_WEAK = YES;
				CLANG_WARN_BLOCK_CAPTURE_AUTORELEASING = YES;
				CLANG_WARN_BOOL_CONVERSION = YES;
				CLANG_WARN_COMMA = YES;
				CLANG_WARN_CONSTANT_CONVERSION = YES;
				CLANG_WARN_DEPRECATED_OBJC_IMPLEMENTATIONS = YES;
				CLANG_WARN_DIRECT_OBJC_ISA_USAGE = YES_ERROR;
				CLANG_WARN_DOCUMENTATION_COMMENTS = YES;
				CLANG_WARN_EMPTY_BODY = YES;
				CLANG_WARN_ENUM_CONVERSION = YES;
				CLANG_WARN_INFINITE_RECURSION = YES;
				CLANG_WARN_INT_CONVERSION = YES;
				CLANG_WARN_NON_LITERAL_NULL_CONVERSION = YES;
				CLANG_WARN_OBJC_IMPLICIT_RETAIN_SELF = YES;
				CLANG_WARN_OBJC_LITERAL_CONVERSION = YES;
				CLANG_WARN_OBJC_ROOT_CLASS = YES_ERROR;
				CLANG_WARN_RANGE_LOOP_ANALYSIS = YES;
				CLANG_WARN_STRICT_PROTOTYPES = YES;
				CLANG_WARN_SUSPICIOUS_MOVE = YES;
				CLANG_WARN_UNGUARDED_AVAILABILITY = YES_AGGRESSIVE;
				CLANG_WARN_UNREACHABLE_CODE = YES;
				CLANG_WARN__DUPLICATE_METHOD_MATCH = YES;
				COPY_PHASE_STRIP = NO;
				DEBUG_INFORMATION_FORMAT = "dwarf-with-dsym";
				ENABLE_NS_ASSERTIONS = NO;
				ENABLE_STRICT_OBJC_MSGSEND = YES;
				GCC_C_LANGUAGE_STANDARD = gnu11;
				GCC_NO_COMMON_BLOCKS = YES;
				GCC_WARN_64_TO_32_BIT_CONVERSION = YES;
				GCC_WARN_ABOUT_RETURN_TYPE = YES_ERROR;
				GCC_WARN_UNDECLARED_SELECTOR = YES;
				GCC_WARN_UNINITIALIZED_AUTOS = YES_AGGRESSIVE;
				GCC_WARN_UNUSED_FUNCTION = YES;
				GCC_WARN_UNUSED_VARIABLE = YES;
				IPHONEOS_DEPLOYMENT_TARGET = 11.4;
				MTL_ENABLE_DEBUG_INFO = NO;
				MTL_FAST_MATH = YES;
				SDKROOT = iphoneos;
				VALIDATE_PRODUCT = YES;
			};
			name = Release;
		};
		BF7A586B2387E02A00F9D237 /* Debug */ = {
			isa = XCBuildConfiguration;
			baseConfigurationReference = 019BE43A52DAADECE5F3D5EA /* Pods-tflite_demo.debug.xcconfig */;
			buildSettings = {
				ASSETCATALOG_COMPILER_APPICON_NAME = AppIcon;
				CODE_SIGN_IDENTITY = "iPhone Developer";
				CODE_SIGN_STYLE = Manual;
				DEVELOPMENT_TEAM = 4FL62462P2;
				INFOPLIST_FILE = tflite_demo/Info.plist;
				LD_RUNPATH_SEARCH_PATHS = (
					"$(inherited)",
					"@executable_path/Frameworks",
				);
				PRODUCT_BUNDLE_IDENTIFIER = "com.vdian.tflite-demo";
				PRODUCT_NAME = "$(TARGET_NAME)";
				PROVISIONING_PROFILE_SPECIFIER = All_Dev;
				TARGETED_DEVICE_FAMILY = "1,2";
				USER_HEADER_SEARCH_PATHS = "\"${PROJECT_DIR}/Pods\"/**";
			};
			name = Debug;
		};
		BF7A586C2387E02A00F9D237 /* Release */ = {
			isa = XCBuildConfiguration;
			baseConfigurationReference = B7DBD8DBFC07CD241CBCEF00 /* Pods-tflite_demo.release.xcconfig */;
			buildSettings = {
				ASSETCATALOG_COMPILER_APPICON_NAME = AppIcon;
				CODE_SIGN_IDENTITY = "iPhone Developer";
				CODE_SIGN_STYLE = Manual;
				DEVELOPMENT_TEAM = 4FL62462P2;
				INFOPLIST_FILE = tflite_demo/Info.plist;
				LD_RUNPATH_SEARCH_PATHS = (
					"$(inherited)",
					"@executable_path/Frameworks",
				);
				PRODUCT_BUNDLE_IDENTIFIER = "com.vdian.tflite-demo";
				PRODUCT_NAME = "$(TARGET_NAME)";
				PROVISIONING_PROFILE_SPECIFIER = All_Dev;
				TARGETED_DEVICE_FAMILY = "1,2";
				USER_HEADER_SEARCH_PATHS = "\"${PROJECT_DIR}/Pods\"/**";
			};
			name = Release;
		};
/* End XCBuildConfiguration section */

/* Begin XCConfigurationList section */
		BF7A584C2387E02400F9D237 /* Build configuration list for PBXProject "tflite_demo" */ = {
			isa = XCConfigurationList;
			buildConfigurations = (
				BF7A58682387E02A00F9D237 /* Debug */,
				BF7A58692387E02A00F9D237 /* Release */,
			);
			defaultConfigurationIsVisible = 0;
			defaultConfigurationName = Release;
		};
		BF7A586A2387E02A00F9D237 /* Build configuration list for PBXNativeTarget "tflite_demo" */ = {
			isa = XCConfigurationList;
			buildConfigurations = (
				BF7A586B2387E02A00F9D237 /* Debug */,
				BF7A586C2387E02A00F9D237 /* Release */,
			);
			defaultConfigurationIsVisible = 0;
			defaultConfigurationName = Release;
		};
/* End XCConfigurationList section */
	};
	rootObject = BF7A58492387E02400F9D237 /* Project object */;
}
